
Microsoft Visual Studio Solution File, Format Version 12.00
Project("{FAE04EC0-301F-11D3-BF4B-00C04F79EFBC}") = "petshope", "petshope.csproj", "{8D5F2863-8A0B-4A64-A405-3FECC5FDC982}"
EndProject
Global
	GlobalSection(SolutionConfigurationPlatforms) = preSolution
		Debug|Any CPU = Debug|Any CPU
		Release|Any CPU = Release|Any CPU
	EndGlobalSection
	GlobalSection(ProjectConfigurationPlatforms) = postSolution
		{8D5F2863-8A0B-4A64-A405-3FECC5FDC982}.Debug|Any CPU.ActiveCfg = Debug|Any CPU
		{8D5F2863-8A0B-4A64-A405-3FECC5FDC982}.Debug|Any CPU.Build.0 = Debug|Any CPU
		{8D5F2863-8A0B-4A64-A405-3FECC5FDC982}.Release|Any CPU.ActiveCfg = Release|Any CPU
		{8D5F2863-8A0B-4A64-A405-3FECC5FDC982}.Release|Any CPU.Build.0 = Release|Any CPU
	EndGlobalSection
EndGlobal
